// !$*UTF8*$!
{
	archiveVersion = 1;
	classes = {
	};
	objectVersion = 55;
	objects = {

/* Begin PBXBuildFile section */
		C2C0D3C028629A6C00DEA7E9 /* AppDelegate.swift in Sources */ = {isa = PBXBuildFile; fileRef = C2C0D3BF28629A6C00DEA7E9 /* AppDelegate.swift */; };
		C2C0D3C228629A6C00DEA7E9 /* SceneDelegate.swift in Sources */ = {isa = PBXBuildFile; fileRef = C2C0D3C128629A6C00DEA7E9 /* SceneDelegate.swift */; };
		C2C0D3C428629A6C00DEA7E9 /* PostsViewController.swift in Sources */ = {isa = PBXBuildFile; fileRef = C2C0D3C328629A6C00DEA7E9 /* PostsViewController.swift */; };
		C2C0D3C728629A6C00DEA7E9 /* Main.storyboard in Resources */ = {isa = PBXBuildFile; fileRef = C2C0D3C528629A6C00DEA7E9 /* Main.storyboard */; };
		C2C0D3C928629A6F00DEA7E9 /* Assets.xcassets in Resources */ = {isa = PBXBuildFile; fileRef = C2C0D3C828629A6F00DEA7E9 /* Assets.xcassets */; };
		C2C0D3CC28629A6F00DEA7E9 /* LaunchScreen.storyboard in Resources */ = {isa = PBXBuildFile; fileRef = C2C0D3CA28629A6F00DEA7E9 /* LaunchScreen.storyboard */; };
		C2C0D3D728629A6F00DEA7E9 /* mvp_exampleTests.swift in Sources */ = {isa = PBXBuildFile; fileRef = C2C0D3D628629A6F00DEA7E9 /* mvp_exampleTests.swift */; };
		C2C0D3E128629A6F00DEA7E9 /* mvp_exampleUITests.swift in Sources */ = {isa = PBXBuildFile; fileRef = C2C0D3E028629A6F00DEA7E9 /* mvp_exampleUITests.swift */; };
		C2C0D3E328629A6F00DEA7E9 /* mvp_exampleUITestsLaunchTests.swift in Sources */ = {isa = PBXBuildFile; fileRef = C2C0D3E228629A6F00DEA7E9 /* mvp_exampleUITestsLaunchTests.swift */; };
		C2C0D3F328629B9300DEA7E9 /* Presenter.swift in Sources */ = {isa = PBXBuildFile; fileRef = C2C0D3F228629B9300DEA7E9 /* Presenter.swift */; };
		C2C0D3F628629CEF00DEA7E9 /* Post.swift in Sources */ = {isa = PBXBuildFile; fileRef = C2C0D3F528629CEF00DEA7E9 /* Post.swift */; };
		C2C0D3FA2862A2DC00DEA7E9 /* PostTableViewCell.swift in Sources */ = {isa = PBXBuildFile; fileRef = C2C0D3F82862A2DC00DEA7E9 /* PostTableViewCell.swift */; };
		C2C0D3FB2862A2DC00DEA7E9 /* PostTableViewCell.xib in Resources */ = {isa = PBXBuildFile; fileRef = C2C0D3F92862A2DC00DEA7E9 /* PostTableViewCell.xib */; };
/* End PBXBuildFile section */

/* Begin PBXContainerItemProxy section */
		C2C0D3D328629A6F00DEA7E9 /* PBXContainerItemProxy */ = {
			isa = PBXContainerItemProxy;
			containerPortal = C2C0D3B428629A6C00DEA7E9 /* Project object */;
			proxyType = 1;
			remoteGlobalIDString = C2C0D3BB28629A6C00DEA7E9;
			remoteInfo = mvp_example;
		};
		C2C0D3DD28629A6F00DEA7E9 /* PBXContainerItemProxy */ = {
			isa = PBXContainerItemProxy;
			containerPortal = C2C0D3B428629A6C00DEA7E9 /* Project object */;
			proxyType = 1;
			remoteGlobalIDString = C2C0D3BB28629A6C00DEA7E9;
			remoteInfo = mvp_example;
		};
/* End PBXContainerItemProxy section */

/* Begin PBXFileReference section */
		C2C0D3BC28629A6C00DEA7E9 /* mvp_example.app */ = {isa = PBXFileReference; explicitFileType = wrapper.application; includeInIndex = 0; path = mvp_example.app; sourceTree = BUILT_PRODUCTS_DIR; };
		C2C0D3BF28629A6C00DEA7E9 /* AppDelegate.swift */ = {isa = PBXFileReference; lastKnownFileType = sourcecode.swift; path = AppDelegate.swift; sourceTree = "<group>"; };
		C2C0D3C128629A6C00DEA7E9 /* SceneDelegate.swift */ = {isa = PBXFileReference; lastKnownFileType = sourcecode.swift; path = SceneDelegate.swift; sourceTree = "<group>"; };
		C2C0D3C328629A6C00DEA7E9 /* PostsViewController.swift */ = {isa = PBXFileReference; lastKnownFileType = sourcecode.swift; path = PostsViewController.swift; sourceTree = "<group>"; };
		C2C0D3C628629A6C00DEA7E9 /* Base */ = {isa = PBXFileReference; lastKnownFileType = file.storyboard; name = Base; path = Base.lproj/Main.storyboard; sourceTree = "<group>"; };
		C2C0D3C828629A6F00DEA7E9 /* Assets.xcassets */ = {isa = PBXFileReference; lastKnownFileType = folder.assetcatalog; path = Assets.xcassets; sourceTree = "<group>"; };
		C2C0D3CB28629A6F00DEA7E9 /* Base */ = {isa = PBXFileReference; lastKnownFileType = file.storyboard; name = Base; path = Base.lproj/LaunchScreen.storyboard; sourceTree = "<group>"; };
		C2C0D3CD28629A6F00DEA7E9 /* Info.plist */ = {isa = PBXFileReference; lastKnownFileType = text.plist.xml; path = Info.plist; sourceTree = "<group>"; };
		C2C0D3D228629A6F00DEA7E9 /* mvp_exampleTests.xctest */ = {isa = PBXFileReference; explicitFileType = wrapper.cfbundle; includeInIndex = 0; path = mvp_exampleTests.xctest; sourceTree = BUILT_PRODUCTS_DIR; };
		C2C0D3D628629A6F00DEA7E9 /* mvp_exampleTests.swift */ = {isa = PBXFileReference; lastKnownFileType = sourcecode.swift; path = mvp_exampleTests.swift; sourceTree = "<group>"; };
		C2C0D3DC28629A6F00DEA7E9 /* mvp_exampleUITests.xctest */ = {isa = PBXFileReference; explicitFileType = wrapper.cfbundle; includeInIndex = 0; path = mvp_exampleUITests.xctest; sourceTree = BUILT_PRODUCTS_DIR; };
		C2C0D3E028629A6F00DEA7E9 /* mvp_exampleUITests.swift */ = {isa = PBXFileReference; lastKnownFileType = sourcecode.swift; path = mvp_exampleUITests.swift; sourceTree = "<group>"; };
		C2C0D3E228629A6F00DEA7E9 /* mvp_exampleUITestsLaunchTests.swift */ = {isa = PBXFileReference; lastKnownFileType = sourcecode.swift; path = mvp_exampleUITestsLaunchTests.swift; sourceTree = "<group>"; };
		C2C0D3F228629B9300DEA7E9 /* Presenter.swift */ = {isa = PBXFileReference; lastKnownFileType = sourcecode.swift; path = Presenter.swift; sourceTree = "<group>"; };
		C2C0D3F528629CEF00DEA7E9 /* Post.swift */ = {isa = PBXFileReference; lastKnownFileType = sourcecode.swift; path = Post.swift; sourceTree = "<group>"; };
		C2C0D3F82862A2DC00DEA7E9 /* PostTableViewCell.swift */ = {isa = PBXFileReference; lastKnownFileType = sourcecode.swift; path = PostTableViewCell.swift; sourceTree = "<group>"; };
		C2C0D3F92862A2DC00DEA7E9 /* PostTableViewCell.xib */ = {isa = PBXFileReference; lastKnownFileType = file.xib; path = PostTableViewCell.xib; sourceTree = "<group>"; };
/* End PBXFileReference section */

/* Begin PBXFrameworksBuildPhase section */
		C2C0D3B928629A6C00DEA7E9 /* Frameworks */ = {
			isa = PBXFrameworksBuildPhase;
			buildActionMask = 2147483647;
			files = (
			);
			runOnlyForDeploymentPostprocessing = 0;
		};
		C2C0D3CF28629A6F00DEA7E9 /* Frameworks */ = {
			isa = PBXFrameworksBuildPhase;
			buildActionMask = 2147483647;
			files = (
			);
			runOnlyForDeploymentPostprocessing = 0;
		};
		C2C0D3D928629A6F00DEA7E9 /* Frameworks */ = {
			isa = PBXFrameworksBuildPhase;
			buildActionMask = 2147483647;
			files = (
			);
			runOnlyForDeploymentPostprocessing = 0;
		};
/* End PBXFrameworksBuildPhase section */

/* Begin PBXGroup section */
		C2C0D3B328629A6C00DEA7E9 = {
			isa = PBXGroup;
			children = (
				C2C0D3BE28629A6C00DEA7E9 /* mvp_example */,
				C2C0D3D528629A6F00DEA7E9 /* mvp_exampleTests */,
				C2C0D3DF28629A6F00DEA7E9 /* mvp_exampleUITests */,
				C2C0D3BD28629A6C00DEA7E9 /* Products */,
			);
			sourceTree = "<group>";
		};
		C2C0D3BD28629A6C00DEA7E9 /* Products */ = {
			isa = PBXGroup;
			children = (
				C2C0D3BC28629A6C00DEA7E9 /* mvp_example.app */,
				C2C0D3D228629A6F00DEA7E9 /* mvp_exampleTests.xctest */,
				C2C0D3DC28629A6F00DEA7E9 /* mvp_exampleUITests.xctest */,
			);
			name = Products;
			sourceTree = "<group>";
		};
		C2C0D3BE28629A6C00DEA7E9 /* mvp_example */ = {
			isa = PBXGroup;
			children = (
				C2C0D3F72862A2B500DEA7E9 /* cells */,
				C2C0D3F128629AB900DEA7E9 /* Views */,
				C2C0D3F028629AAE00DEA7E9 /* Presenters */,
				C2C0D3EF28629AA300DEA7E9 /* Models */,
				C2C0D3BF28629A6C00DEA7E9 /* AppDelegate.swift */,
				C2C0D3C128629A6C00DEA7E9 /* SceneDelegate.swift */,
				C2C0D3C528629A6C00DEA7E9 /* Main.storyboard */,
				C2C0D3C828629A6F00DEA7E9 /* Assets.xcassets */,
				C2C0D3CA28629A6F00DEA7E9 /* LaunchScreen.storyboard */,
				C2C0D3CD28629A6F00DEA7E9 /* Info.plist */,
			);
			path = mvp_example;
			sourceTree = "<group>";
		};
		C2C0D3D528629A6F00DEA7E9 /* mvp_exampleTests */ = {
			isa = PBXGroup;
			children = (
				C2C0D3D628629A6F00DEA7E9 /* mvp_exampleTests.swift */,
			);
			path = mvp_exampleTests;
			sourceTree = "<group>";
		};
		C2C0D3DF28629A6F00DEA7E9 /* mvp_exampleUITests */ = {
			isa = PBXGroup;
			children = (
				C2C0D3E028629A6F00DEA7E9 /* mvp_exampleUITests.swift */,
				C2C0D3E228629A6F00DEA7E9 /* mvp_exampleUITestsLaunchTests.swift */,
			);
			path = mvp_exampleUITests;
			sourceTree = "<group>";
		};
		C2C0D3EF28629AA300DEA7E9 /* Models */ = {
			isa = PBXGroup;
			children = (
				C2C0D3F528629CEF00DEA7E9 /* Post.swift */,
			);
			path = Models;
			sourceTree = "<group>";
		};
		C2C0D3F028629AAE00DEA7E9 /* Presenters */ = {
			isa = PBXGroup;
			children = (
				C2C0D3F228629B9300DEA7E9 /* Presenter.swift */,
			);
			path = Presenters;
			sourceTree = "<group>";
		};
		C2C0D3F128629AB900DEA7E9 /* Views */ = {
			isa = PBXGroup;
			children = (
				C2C0D3C328629A6C00DEA7E9 /* PostsViewController.swift */,
			);
			path = Views;
			sourceTree = "<group>";
		};
		C2C0D3F72862A2B500DEA7E9 /* cells */ = {
			isa = PBXGroup;
			children = (
				C2C0D3F82862A2DC00DEA7E9 /* PostTableViewCell.swift */,
				C2C0D3F92862A2DC00DEA7E9 /* PostTableViewCell.xib */,
			);
			path = cells;
			sourceTree = "<group>";
		};
/* End PBXGroup section */

/* Begin PBXNativeTarget section */
		C2C0D3BB28629A6C00DEA7E9 /* mvp_example */ = {
			isa = PBXNativeTarget;
			buildConfigurationList = C2C0D3E628629A6F00DEA7E9 /* Build configuration list for PBXNativeTarget "mvp_example" */;
			buildPhases = (
				C2C0D3B828629A6C00DEA7E9 /* Sources */,
				C2C0D3B928629A6C00DEA7E9 /* Frameworks */,
				C2C0D3BA28629A6C00DEA7E9 /* Resources */,
			);
			buildRules = (
			);
			dependencies = (
			);
			name = mvp_example;
			productName = mvp_example;
			productReference = C2C0D3BC28629A6C00DEA7E9 /* mvp_example.app */;
			productType = "com.apple.product-type.application";
		};
		C2C0D3D128629A6F00DEA7E9 /* mvp_exampleTests */ = {
			isa = PBXNativeTarget;
			buildConfigurationList = C2C0D3E928629A6F00DEA7E9 /* Build configuration list for PBXNativeTarget "mvp_exampleTests" */;
			buildPhases = (
				C2C0D3CE28629A6F00DEA7E9 /* Sources */,
				C2C0D3CF28629A6F00DEA7E9 /* Frameworks */,
				C2C0D3D028629A6F00DEA7E9 /* Resources */,
			);
			buildRules = (
			);
			dependencies = (
				C2C0D3D428629A6F00DEA7E9 /* PBXTargetDependency */,
			);
			name = mvp_exampleTests;
			productName = mvp_exampleTests;
			productReference = C2C0D3D228629A6F00DEA7E9 /* mvp_exampleTests.xctest */;
			productType = "com.apple.product-type.bundle.unit-test";
		};
		C2C0D3DB28629A6F00DEA7E9 /* mvp_exampleUITests */ = {
			isa = PBXNativeTarget;
			buildConfigurationList = C2C0D3EC28629A6F00DEA7E9 /* Build configuration list for PBXNativeTarget "mvp_exampleUITests" */;
			buildPhases = (
				C2C0D3D828629A6F00DEA7E9 /* Sources */,
				C2C0D3D928629A6F00DEA7E9 /* Frameworks */,
				C2C0D3DA28629A6F00DEA7E9 /* Resources */,
			);
			buildRules = (
			);
			dependencies = (
				C2C0D3DE28629A6F00DEA7E9 /* PBXTargetDependency */,
			);
			name = mvp_exampleUITests;
			productName = mvp_exampleUITests;
			productReference = C2C0D3DC28629A6F00DEA7E9 /* mvp_exampleUITests.xctest */;
			productType = "com.apple.product-type.bundle.ui-testing";
		};
/* End PBXNativeTarget section */

/* Begin PBXProject section */
		C2C0D3B428629A6C00DEA7E9 /* Project object */ = {
			isa = PBXProject;
			attributes = {
				BuildIndependentTargetsInParallel = 1;
				LastSwiftUpdateCheck = 1340;
				LastUpgradeCheck = 1340;
				TargetAttributes = {
					C2C0D3BB28629A6C00DEA7E9 = {
						CreatedOnToolsVersion = 13.4;
					};
					C2C0D3D128629A6F00DEA7E9 = {
						CreatedOnToolsVersion = 13.4;
						TestTargetID = C2C0D3BB28629A6C00DEA7E9;
					};
					C2C0D3DB28629A6F00DEA7E9 = {
						CreatedOnToolsVersion = 13.4;
						TestTargetID = C2C0D3BB28629A6C00DEA7E9;
					};
				};
			};
			buildConfigurationList = C2C0D3B728629A6C00DEA7E9 /* Build configuration list for PBXProject "mvp_example" */;
			compatibilityVersion = "Xcode 13.0";
			developmentRegion = en;
			hasScannedForEncodings = 0;
			knownRegions = (
				en,
				Base,
			);
			mainGroup = C2C0D3B328629A6C00DEA7E9;
			productRefGroup = C2C0D3BD28629A6C00DEA7E9 /* Products */;
			projectDirPath = "";
			projectRoot = "";
			targets = (
				C2C0D3BB28629A6C00DEA7E9 /* mvp_example */,
				C2C0D3D128629A6F00DEA7E9 /* mvp_exampleTests */,
				C2C0D3DB28629A6F00DEA7E9 /* mvp_exampleUITests */,
			);
		};
/* End PBXProject section */

/* Begin PBXResourcesBuildPhase section */
		C2C0D3BA28629A6C00DEA7E9 /* Resources */ = {
			isa = PBXResourcesBuildPhase;
			buildActionMask = 2147483647;
			files = (
				C2C0D3CC28629A6F00DEA7E9 /* LaunchScreen.storyboard in Resources */,
				C2C0D3C928629A6F00DEA7E9 /* Assets.xcassets in Resources */,
				C2C0D3C728629A6C00DEA7E9 /* Main.storyboard in Resources */,
				C2C0D3FB2862A2DC00DEA7E9 /* PostTableViewCell.xib in Resources */,
			);
			runOnlyForDeploymentPostprocessing = 0;
		};
		C2C0D3D028629A6F00DEA7E9 /* Resources */ = {
			isa = PBXResourcesBuildPhase;
			buildActionMask = 2147483647;
			files = (
			);
			runOnlyForDeploymentPostprocessing = 0;
		};
		C2C0D3DA28629A6F00DEA7E9 /* Resources */ = {
			isa = PBXResourcesBuildPhase;
			buildActionMask = 2147483647;
			files = (
			);
			runOnlyForDeploymentPostprocessing = 0;
		};
/* End PBXResourcesBuildPhase section */

/* Begin PBXSourcesBuildPhase section */
		C2C0D3B828629A6C00DEA7E9 /* Sources */ = {
			isa = PBXSourcesBuildPhase;
			buildActionMask = 2147483647;
			files = (
				C2C0D3C428629A6C00DEA7E9 /* PostsViewController.swift in Sources */,
				C2C0D3C028629A6C00DEA7E9 /* AppDelegate.swift in Sources */,
				C2C0D3F328629B9300DEA7E9 /* Presenter.swift in Sources */,
				C2C0D3C228629A6C00DEA7E9 /* SceneDelegate.swift in Sources */,
				C2C0D3F628629CEF00DEA7E9 /* Post.swift in Sources */,
				C2C0D3FA2862A2DC00DEA7E9 /* PostTableViewCell.swift in Sources */,
			);
			runOnlyForDeploymentPostprocessing = 0;
		};
		C2C0D3CE28629A6F00DEA7E9 /* Sources */ = {
			isa = PBXSourcesBuildPhase;
			buildActionMask = 2147483647;
			files = (
				C2C0D3D728629A6F00DEA7E9 /* mvp_exampleTests.swift in Sources */,
			);
			runOnlyForDeploymentPostprocessing = 0;
		};
		C2C0D3D828629A6F00DEA7E9 /* Sources */ = {
			isa = PBXSourcesBuildPhase;
			buildActionMask = 2147483647;
			files = (
				C2C0D3E128629A6F00DEA7E9 /* mvp_exampleUITests.swift in Sources */,
				C2C0D3E328629A6F00DEA7E9 /* mvp_exampleUITestsLaunchTests.swift in Sources */,
			);
			runOnlyForDeploymentPostprocessing = 0;
		};
/* End PBXSourcesBuildPhase section */

/* Begin PBXTargetDependency section */
		C2C0D3D428629A6F00DEA7E9 /* PBXTargetDependency */ = {
			isa = PBXTargetDependency;
			target = C2C0D3BB28629A6C00DEA7E9 /* mvp_example */;
			targetProxy = C2C0D3D328629A6F00DEA7E9 /* PBXContainerItemProxy */;
		};
		C2C0D3DE28629A6F00DEA7E9 /* PBXTargetDependency */ = {
			isa = PBXTargetDependency;
			target = C2C0D3BB28629A6C00DEA7E9 /* mvp_example */;
			targetProxy = C2C0D3DD28629A6F00DEA7E9 /* PBXContainerItemProxy */;
		};
/* End PBXTargetDependency section */

/* Begin PBXVariantGroup section */
		C2C0D3C528629A6C00DEA7E9 /* Main.storyboard */ = {
			isa = PBXVariantGroup;
			children = (
				C2C0D3C628629A6C00DEA7E9 /* Base */,
			);
			name = Main.storyboard;
			sourceTree = "<group>";
		};
		C2C0D3CA28629A6F00DEA7E9 /* LaunchScreen.storyboard */ = {
			isa = PBXVariantGroup;
			children = (
				C2C0D3CB28629A6F00DEA7E9 /* Base */,
			);
			name = LaunchScreen.storyboard;
			sourceTree = "<group>";
		};
/* End PBXVariantGroup section */

/* Begin XCBuildConfiguration section */
		C2C0D3E428629A6F00DEA7E9 /* Debug */ = {
			isa = XCBuildConfiguration;
			buildSettings = {
				ALWAYS_SEARCH_USER_PATHS = NO;
				CLANG_ANALYZER_NONNULL = YES;
				CLANG_ANALYZER_NUMBER_OBJECT_CONVERSION = YES_AGGRESSIVE;
				CLANG_CXX_LANGUAGE_STANDARD = "gnu++17";
				CLANG_ENABLE_MODULES = YES;
				CLANG_ENABLE_OBJC_ARC = YES;
				CLANG_ENABLE_OBJC_WEAK = YES;
				CLANG_WARN_BLOCK_CAPTURE_AUTORELEASING = YES;
				CLANG_WARN_BOOL_CONVERSION = YES;
				CLANG_WARN_COMMA = YES;
				CLANG_WARN_CONSTANT_CONVERSION = YES;
				CLANG_WARN_DEPRECATED_OBJC_IMPLEMENTATIONS = YES;
				CLANG_WARN_DIRECT_OBJC_ISA_USAGE = YES_ERROR;
				CLANG_WARN_DOCUMENTATION_COMMENTS = YES;
				CLANG_WARN_EMPTY_BODY = YES;
				CLANG_WARN_ENUM_CONVERSION = YES;
				CLANG_WARN_INFINITE_RECURSION = YES;
				CLANG_WARN_INT_CONVERSION = YES;
				CLANG_WARN_NON_LITERAL_NULL_CONVERSION = YES;
				CLANG_WARN_OBJC_IMPLICIT_RETAIN_SELF = YES;
				CLANG_WARN_OBJC_LITERAL_CONVERSION = YES;
				CLANG_WARN_OBJC_ROOT_CLASS = YES_ERROR;
				CLANG_WARN_QUOTED_INCLUDE_IN_FRAMEWORK_HEADER = YES;
				CLANG_WARN_RANGE_LOOP_ANALYSIS = YES;
				CLANG_WARN_STRICT_PROTOTYPES = YES;
				CLANG_WARN_SUSPICIOUS_MOVE = YES;
				CLANG_WARN_UNGUARDED_AVAILABILITY = YES_AGGRESSIVE;
				CLANG_WARN_UNREACHABLE_CODE = YES;
				CLANG_WARN__DUPLICATE_METHOD_MATCH = YES;
				COPY_PHASE_STRIP = NO;
				DEBUG_INFORMATION_FORMAT = dwarf;
				ENABLE_STRICT_OBJC_MSGSEND = YES;
				ENABLE_TESTABILITY = YES;
				GCC_C_LANGUAGE_STANDARD = gnu11;
				GCC_DYNAMIC_NO_PIC = NO;
				GCC_NO_COMMON_BLOCKS = YES;
				GCC_OPTIMIZATION_LEVEL = 0;
				GCC_PREPROCESSOR_DEFINITIONS = (
					"DEBUG=1",
					"$(inherited)",
				);
				GCC_WARN_64_TO_32_BIT_CONVERSION = YES;
				GCC_WARN_ABOUT_RETURN_TYPE = YES_ERROR;
				GCC_WARN_UNDECLARED_SELECTOR = YES;
				GCC_WARN_UNINITIALIZED_AUTOS = YES_AGGRESSIVE;
				GCC_WARN_UNUSED_FUNCTION = YES;
				GCC_WARN_UNUSED_VARIABLE = YES;
				IPHONEOS_DEPLOYMENT_TARGET = 15.5;
				MTL_ENABLE_DEBUG_INFO = INCLUDE_SOURCE;
				MTL_FAST_MATH = YES;
				ONLY_ACTIVE_ARCH = YES;
				SDKROOT = iphoneos;
				SWIFT_ACTIVE_COMPILATION_CONDITIONS = DEBUG;
				SWIFT_OPTIMIZATION_LEVEL = "-Onone";
			};
			name = Debug;
		};
		C2C0D3E528629A6F00DEA7E9 /* Release */ = {
			isa = XCBuildConfiguration;
			buildSettings = {
				ALWAYS_SEARCH_USER_PATHS = NO;
				CLANG_ANALYZER_NONNULL = YES;
				CLANG_ANALYZER_NUMBER_OBJECT_CONVERSION = YES_AGGRESSIVE;
				CLANG_CXX_LANGUAGE_STANDARD = "gnu++17";
				CLANG_ENABLE_MODULES = YES;
				CLANG_ENABLE_OBJC_ARC = YES;
				CLANG_ENABLE_OBJC_WEAK = YES;
				CLANG_WARN_BLOCK_CAPTURE_AUTORELEASING = YES;
				CLANG_WARN_BOOL_CONVERSION = YES;
				CLANG_WARN_COMMA = YES;
				CLANG_WARN_CONSTANT_CONVERSION = YES;
				CLANG_WARN_DEPRECATED_OBJC_IMPLEMENTATIONS = YES;
				CLANG_WARN_DIRECT_OBJC_ISA_USAGE = YES_ERROR;
				CLANG_WARN_DOCUMENTATION_COMMENTS = YES;
				CLANG_WARN_EMPTY_BODY = YES;
				CLANG_WARN_ENUM_CONVERSION = YES;
				CLANG_WARN_INFINITE_RECURSION = YES;
				CLANG_WARN_INT_CONVERSION = YES;
				CLANG_WARN_NON_LITERAL_NULL_CONVERSION = YES;
				CLANG_WARN_OBJC_IMPLICIT_RETAIN_SELF = YES;
				CLANG_WARN_OBJC_LITERAL_CONVERSION = YES;
				CLANG_WARN_OBJC_ROOT_CLASS = YES_ERROR;
				CLANG_WARN_QUOTED_INCLUDE_IN_FRAMEWORK_HEADER = YES;
				CLANG_WARN_RANGE_LOOP_ANALYSIS = YES;
				CLANG_WARN_STRICT_PROTOTYPES = YES;
				CLANG_WARN_SUSPICIOUS_MOVE = YES;
				CLANG_WARN_UNGUARDED_AVAILABILITY = YES_AGGRESSIVE;
				CLANG_WARN_UNREACHABLE_CODE = YES;
				CLANG_WARN__DUPLICATE_METHOD_MATCH = YES;
				COPY_PHASE_STRIP = NO;
				DEBUG_INFORMATION_FORMAT = "dwarf-with-dsym";
				ENABLE_NS_ASSERTIONS = NO;
				ENABLE_STRICT_OBJC_MSGSEND = YES;
				GCC_C_LANGUAGE_STANDARD = gnu11;
				GCC_NO_COMMON_BLOCKS = YES;
				GCC_WARN_64_TO_32_BIT_CONVERSION = YES;
				GCC_WARN_ABOUT_RETURN_TYPE = YES_ERROR;
				GCC_WARN_UNDECLARED_SELECTOR = YES;
				GCC_WARN_UNINITIALIZED_AUTOS = YES_AGGRESSIVE;
				GCC_WARN_UNUSED_FUNCTION = YES;
				GCC_WARN_UNUSED_VARIABLE = YES;
				IPHONEOS_DEPLOYMENT_TARGET = 15.5;
				MTL_ENABLE_DEBUG_INFO = NO;
				MTL_FAST_MATH = YES;
				SDKROOT = iphoneos;
				SWIFT_COMPILATION_MODE = wholemodule;
				SWIFT_OPTIMIZATION_LEVEL = "-O";
				VALIDATE_PRODUCT = YES;
			};
			name = Release;
		};
		C2C0D3E728629A6F00DEA7E9 /* Debug */ = {
			isa = XCBuildConfiguration;
			buildSettings = {
				ASSETCATALOG_COMPILER_APPICON_NAME = AppIcon;
				ASSETCATALOG_COMPILER_GLOBAL_ACCENT_COLOR_NAME = AccentColor;
				CODE_SIGN_STYLE = Automatic;
				CURRENT_PROJECT_VERSION = 1;
				DEVELOPMENT_TEAM = X2663B4F4Y;
				GENERATE_INFOPLIST_FILE = YES;
				INFOPLIST_FILE = mvp_example/Info.plist;
				INFOPLIST_KEY_UIApplicationSupportsIndirectInputEvents = YES;
				INFOPLIST_KEY_UILaunchStoryboardName = LaunchScreen;
				INFOPLIST_KEY_UIMainStoryboardFile = Main;
				INFOPLIST_KEY_UISupportedInterfaceOrientations_iPad = "UIInterfaceOrientationPortrait UIInterfaceOrientationPortraitUpsideDown UIInterfaceOrientationLandscapeLeft UIInterfaceOrientationLandscapeRight";
				INFOPLIST_KEY_UISupportedInterfaceOrientations_iPhone = "UIInterfaceOrientationPortrait UIInterfaceOrientationLandscapeLeft UIInterfaceOrientationLandscapeRight";
				LD_RUNPATH_SEARCH_PATHS = (
					"$(inherited)",
					"@executable_path/Frameworks",
				);
				MARKETING_VERSION = 1.0;
				PRODUCT_BUNDLE_IDENTIFIER = "com.logatus.mvp-example";
				PRODUCT_NAME = "$(TARGET_NAME)";
				SWIFT_EMIT_LOC_STRINGS = YES;
				SWIFT_VERSION = 5.0;
				TARGETED_DEVICE_FAMILY = "1,2";
			};
			name = Debug;
		};
		C2C0D3E828629A6F00DEA7E9 /* Release */ = {
			isa = XCBuildConfiguration;
			buildSettings = {
				ASSETCATALOG_COMPILER_APPICON_NAME = AppIcon;
				ASSETCATALOG_COMPILER_GLOBAL_ACCENT_COLOR_NAME = AccentColor;
				CODE_SIGN_STYLE = Automatic;
				CURRENT_PROJECT_VERSION = 1;
				DEVELOPMENT_TEAM = X2663B4F4Y;
				GENERATE_INFOPLIST_FILE = YES;
				INFOPLIST_FILE = mvp_example/Info.plist;
				INFOPLIST_KEY_UIApplicationSupportsIndirectInputEvents = YES;
				INFOPLIST_KEY_UILaunchStoryboardName = LaunchScreen;
				INFOPLIST_KEY_UIMainStoryboardFile = Main;
				INFOPLIST_KEY_UISupportedInterfaceOrientations_iPad = "UIInterfaceOrientationPortrait UIInterfaceOrientationPortraitUpsideDown UIInterfaceOrientationLandscapeLeft UIInterfaceOrientationLandscapeRight";
				INFOPLIST_KEY_UISupportedInterfaceOrientations_iPhone = "UIInterfaceOrientationPortrait UIInterfaceOrientationLandscapeLeft UIInterfaceOrientationLandscapeRight";
				LD_RUNPATH_SEARCH_PATHS = (
					"$(inherited)",
					"@executable_path/Frameworks",
				);
				MARKETING_VERSION = 1.0;
				PRODUCT_BUNDLE_IDENTIFIER = "com.logatus.mvp-example";
				PRODUCT_NAME = "$(TARGET_NAME)";
				SWIFT_EMIT_LOC_STRINGS = YES;
				SWIFT_VERSION = 5.0;
				TARGETED_DEVICE_FAMILY = "1,2";
			};
			name = Release;
		};
		C2C0D3EA28629A6F00DEA7E9 /* Debug */ = {
			isa = XCBuildConfiguration;
			buildSettings = {
				ALWAYS_EMBED_SWIFT_STANDARD_LIBRARIES = YES;
				BUNDLE_LOADER = "$(TEST_HOST)";
				CODE_SIGN_STYLE = Automatic;
				CURRENT_PROJECT_VERSION = 1;
				DEVELOPMENT_TEAM = X2663B4F4Y;
				GENERATE_INFOPLIST_FILE = YES;
				IPHONEOS_DEPLOYMENT_TARGET = 15.5;
				MARKETING_VERSION = 1.0;
				PRODUCT_BUNDLE_IDENTIFIER = "com.logatus.mvp-exampleTests";
				PRODUCT_NAME = "$(TARGET_NAME)";
				SWIFT_EMIT_LOC_STRINGS = NO;
				SWIFT_VERSION = 5.0;
				TARGETED_DEVICE_FAMILY = "1,2";
				TEST_HOST = "$(BUILT_PRODUCTS_DIR)/mvp_example.app/mvp_example";
			};
			name = Debug;
		};
		C2C0D3EB28629A6F00DEA7E9 /* Release */ = {
			isa = XCBuildConfiguration;
			buildSettings = {
				ALWAYS_EMBED_SWIFT_STANDARD_LIBRARIES = YES;
				BUNDLE_LOADER = "$(TEST_HOST)";
				CODE_SIGN_STYLE = Automatic;
				CURRENT_PROJECT_VERSION = 1;
				DEVELOPMENT_TEAM = X2663B4F4Y;
				GENERATE_INFOPLIST_FILE = YES;
				IPHONEOS_DEPLOYMENT_TARGET = 15.5;
				MARKETING_VERSION = 1.0;
				PRODUCT_BUNDLE_IDENTIFIER = "com.logatus.mvp-exampleTests";
				PRODUCT_NAME = "$(TARGET_NAME)";
				SWIFT_EMIT_LOC_STRINGS = NO;
				SWIFT_VERSION = 5.0;
				TARGETED_DEVICE_FAMILY = "1,2";
				TEST_HOST = "$(BUILT_PRODUCTS_DIR)/mvp_example.app/mvp_example";
			};
			name = Release;
		};
		C2C0D3ED28629A6F00DEA7E9 /* Debug */ = {
			isa = XCBuildConfiguration;
			buildSettings = {
				ALWAYS_EMBED_SWIFT_STANDARD_LIBRARIES = YES;
				CODE_SIGN_STYLE = Automatic;
				CURRENT_PROJECT_VERSION = 1;
				DEVELOPMENT_TEAM = X2663B4F4Y;
				GENERATE_INFOPLIST_FILE = YES;
				MARKETING_VERSION = 1.0;
				PRODUCT_BUNDLE_IDENTIFIER = "com.logatus.mvp-exampleUITests";
				PRODUCT_NAME = "$(TARGET_NAME)";
				SWIFT_EMIT_LOC_STRINGS = NO;
				SWIFT_VERSION = 5.0;
				TARGETED_DEVICE_FAMILY = "1,2";
				TEST_TARGET_NAME = mvp_example;
			};
			name = Debug;
		};
		C2C0D3EE28629A6F00DEA7E9 /* Release */ = {
			isa = XCBuildConfiguration;
			buildSettings = {
				ALWAYS_EMBED_SWIFT_STANDARD_LIBRARIES = YES;
				CODE_SIGN_STYLE = Automatic;
				CURRENT_PROJECT_VERSION = 1;
				DEVELOPMENT_TEAM = X2663B4F4Y;
				GENERATE_INFOPLIST_FILE = YES;
				MARKETING_VERSION = 1.0;
				PRODUCT_BUNDLE_IDENTIFIER = "com.logatus.mvp-exampleUITests";
				PRODUCT_NAME = "$(TARGET_NAME)";
				SWIFT_EMIT_LOC_STRINGS = NO;
				SWIFT_VERSION = 5.0;
				TARGETED_DEVICE_FAMILY = "1,2";
				TEST_TARGET_NAME = mvp_example;
			};
			name = Release;
		};
/* End XCBuildConfiguration section */

/* Begin XCConfigurationList section */
		C2C0D3B728629A6C00DEA7E9 /* Build configuration list for PBXProject "mvp_example" */ = {
			isa = XCConfigurationList;
			buildConfigurations = (
				C2C0D3E428629A6F00DEA7E9 /* Debug */,
				C2C0D3E528629A6F00DEA7E9 /* Release */,
			);
			defaultConfigurationIsVisible = 0;
			defaultConfigurationName = Release;
		};
		C2C0D3E628629A6F00DEA7E9 /* Build configuration list for PBXNativeTarget "mvp_example" */ = {
			isa = XCConfigurationList;
			buildConfigurations = (
				C2C0D3E728629A6F00DEA7E9 /* Debug */,
				C2C0D3E828629A6F00DEA7E9 /* Release */,
			);
			defaultConfigurationIsVisible = 0;
			defaultConfigurationName = Release;
		};
		C2C0D3E928629A6F00DEA7E9 /* Build configuration list for PBXNativeTarget "mvp_exampleTests" */ = {
			isa = XCConfigurationList;
			buildConfigurations = (
				C2C0D3EA28629A6F00DEA7E9 /* Debug */,
				C2C0D3EB28629A6F00DEA7E9 /* Release */,
			);
			defaultConfigurationIsVisible = 0;
			defaultConfigurationName = Release;
		};
		C2C0D3EC28629A6F00DEA7E9 /* Build configuration list for PBXNativeTarget "mvp_exampleUITests" */ = {
			isa = XCConfigurationList;
			buildConfigurations = (
				C2C0D3ED28629A6F00DEA7E9 /* Debug */,
				C2C0D3EE28629A6F00DEA7E9 /* Release */,
			);
			defaultConfigurationIsVisible = 0;
			defaultConfigurationName = Release;
		};
/* End XCConfigurationList section */
	};
	rootObject = C2C0D3B428629A6C00DEA7E9 /* Project object */;
}
